<?xml version="1.0" encoding="utf-8"?>
<Project ToolsVersion="16.0" xmlns="http://schemas.microsoft.com/developer/msbuild/2003">
  <ItemGroup>
    <CustomBuild Include="C:\Users\Bruna\Desktop\TESE\CPU_implementation\build1\CMakeFiles\7aab79b0e9052787c5be3fa26badeb9a\INSTALL_force.rule">
      <Filter>CMake Rules</Filter>
    </CustomBuild>
  </ItemGroup>
  <ItemGroup>
    <Filter Include="CMake Rules">
      <UniqueIdentifier>{44857B29-7753-3478-9456-F101D3834385}</UniqueIdentifier>
    </Filter>
  </ItemGroup>
</Project>
