
Microsoft Visual Studio Solution File, Format Version 12.00
# Visual Studio Version 16
Project("{2150E333-8FDC-42A3-9474-1A3956D46DE8}") = "CMakePredefinedTargets", "CMakePredefinedTargets", "{C9C55807-3C11-3A1A-9F77-1323AB785B4B}"
EndProject
Project("{2150E333-8FDC-42A3-9474-1A3956D46DE8}") = "contrib", "contrib", "{235CCFF5-992F-391F-B3DB-D357C38975D8}"
EndProject
Project("{8BC9CEB8-8B4A-11D0-8D11-00A0C91BC942}") = "ALL_BUILD", "ALL_BUILD.vcxproj", "{86B3B684-D5FE-3ABF-B18B-482956542700}"
	ProjectSection(ProjectDependencies) = postProject
		{8C5BDCBD-DAC6-350D-BEB8-7D2A4850FEB1} = {8C5BDCBD-DAC6-350D-BEB8-7D2A4850FEB1}
		{DE69B771-90AD-3164-880C-57539B38767A} = {DE69B771-90AD-3164-880C-57539B38767A}
	EndProjectSection
EndProject
Project("{8BC9CEB8-8B4A-11D0-8D11-00A0C91BC942}") = "INSTALL", "INSTALL.vcxproj", "{645222FA-0B74-36B5-A2FE-BCC006E2F1FB}"
	ProjectSection(ProjectDependencies) = postProject
		{86B3B684-D5FE-3ABF-B18B-482956542700} = {86B3B684-D5FE-3ABF-B18B-482956542700}
		{8C5BDCBD-DAC6-350D-BEB8-7D2A4850FEB1} = {8C5BDCBD-DAC6-350D-BEB8-7D2A4850FEB1}
	EndProjectSection
EndProject
Project("{8BC9CEB8-8B4A-11D0-8D11-00A0C91BC942}") = "ZERO_CHECK", "..\..\\ZERO_CHECK.vcxproj", "{8C5BDCBD-DAC6-350D-BEB8-7D2A4850FEB1}"
	ProjectSection(ProjectDependencies) = postProject
	EndProjectSection
EndProject
Project("{8BC9CEB8-8B4A-11D0-8D11-00A0C91BC942}") = "freeglut_static", "freeglut_static.vcxproj", "{DE69B771-90AD-3164-880C-57539B38767A}"
	ProjectSection(ProjectDependencies) = postProject
		{8C5BDCBD-DAC6-350D-BEB8-7D2A4850FEB1} = {8C5BDCBD-DAC6-350D-BEB8-7D2A4850FEB1}
	EndProjectSection
EndProject
Global
	GlobalSection(SolutionConfigurationPlatforms) = preSolution
		Debug|x64 = Debug|x64
		Release|x64 = Release|x64
		MinSizeRel|x64 = MinSizeRel|x64
		RelWithDebInfo|x64 = RelWithDebInfo|x64
	EndGlobalSection
	GlobalSection(ProjectConfigurationPlatforms) = postSolution
		{86B3B684-D5FE-3ABF-B18B-482956542700}.Debug|x64.ActiveCfg = Debug|x64
		{86B3B684-D5FE-3ABF-B18B-482956542700}.Debug|x64.Build.0 = Debug|x64
		{86B3B684-D5FE-3ABF-B18B-482956542700}.Release|x64.ActiveCfg = Release|x64
		{86B3B684-D5FE-3ABF-B18B-482956542700}.Release|x64.Build.0 = Release|x64
		{86B3B684-D5FE-3ABF-B18B-482956542700}.MinSizeRel|x64.ActiveCfg = MinSizeRel|x64
		{86B3B684-D5FE-3ABF-B18B-482956542700}.MinSizeRel|x64.Build.0 = MinSizeRel|x64
		{86B3B684-D5FE-3ABF-B18B-482956542700}.RelWithDebInfo|x64.ActiveCfg = RelWithDebInfo|x64
		{86B3B684-D5FE-3ABF-B18B-482956542700}.RelWithDebInfo|x64.Build.0 = RelWithDebInfo|x64
		{645222FA-0B74-36B5-A2FE-BCC006E2F1FB}.Debug|x64.ActiveCfg = Debug|x64
		{645222FA-0B74-36B5-A2FE-BCC006E2F1FB}.Release|x64.ActiveCfg = Release|x64
		{645222FA-0B74-36B5-A2FE-BCC006E2F1FB}.MinSizeRel|x64.ActiveCfg = MinSizeRel|x64
		{645222FA-0B74-36B5-A2FE-BCC006E2F1FB}.RelWithDebInfo|x64.ActiveCfg = RelWithDebInfo|x64
		{8C5BDCBD-DAC6-350D-BEB8-7D2A4850FEB1}.Debug|x64.ActiveCfg = Debug|x64
		{8C5BDCBD-DAC6-350D-BEB8-7D2A4850FEB1}.Debug|x64.Build.0 = Debug|x64
		{8C5BDCBD-DAC6-350D-BEB8-7D2A4850FEB1}.Release|x64.ActiveCfg = Release|x64
		{8C5BDCBD-DAC6-350D-BEB8-7D2A4850FEB1}.Release|x64.Build.0 = Release|x64
		{8C5BDCBD-DAC6-350D-BEB8-7D2A4850FEB1}.MinSizeRel|x64.ActiveCfg = MinSizeRel|x64
		{8C5BDCBD-DAC6-350D-BEB8-7D2A4850FEB1}.MinSizeRel|x64.Build.0 = MinSizeRel|x64
		{8C5BDCBD-DAC6-350D-BEB8-7D2A4850FEB1}.RelWithDebInfo|x64.ActiveCfg = RelWithDebInfo|x64
		{8C5BDCBD-DAC6-350D-BEB8-7D2A4850FEB1}.RelWithDebInfo|x64.Build.0 = RelWithDebInfo|x64
		{DE69B771-90AD-3164-880C-57539B38767A}.Debug|x64.ActiveCfg = Debug|x64
		{DE69B771-90AD-3164-880C-57539B38767A}.Debug|x64.Build.0 = Debug|x64
		{DE69B771-90AD-3164-880C-57539B38767A}.Release|x64.ActiveCfg = Release|x64
		{DE69B771-90AD-3164-880C-57539B38767A}.Release|x64.Build.0 = Release|x64
		{DE69B771-90AD-3164-880C-57539B38767A}.MinSizeRel|x64.ActiveCfg = MinSizeRel|x64
		{DE69B771-90AD-3164-880C-57539B38767A}.MinSizeRel|x64.Build.0 = MinSizeRel|x64
		{DE69B771-90AD-3164-880C-57539B38767A}.RelWithDebInfo|x64.ActiveCfg = RelWithDebInfo|x64
		{DE69B771-90AD-3164-880C-57539B38767A}.RelWithDebInfo|x64.Build.0 = RelWithDebInfo|x64
	EndGlobalSection
	GlobalSection(NestedProjects) = preSolution
		{86B3B684-D5FE-3ABF-B18B-482956542700} = {C9C55807-3C11-3A1A-9F77-1323AB785B4B}
		{645222FA-0B74-36B5-A2FE-BCC006E2F1FB} = {C9C55807-3C11-3A1A-9F77-1323AB785B4B}
		{8C5BDCBD-DAC6-350D-BEB8-7D2A4850FEB1} = {C9C55807-3C11-3A1A-9F77-1323AB785B4B}
		{DE69B771-90AD-3164-880C-57539B38767A} = {235CCFF5-992F-391F-B3DB-D357C38975D8}
	EndGlobalSection
	GlobalSection(ExtensibilityGlobals) = postSolution
		SolutionGuid = {8504423F-72A7-32AA-8082-19317FFAFFCB}
	EndGlobalSection
	GlobalSection(ExtensibilityAddIns) = postSolution
	EndGlobalSection
EndGlobal
