
Microsoft Visual Studio Solution File, Format Version 12.00
# Visual Studio Version 16
Project("{2150E333-8FDC-42A3-9474-1A3956D46DE8}") = "CMakePredefinedTargets", "CMakePredefinedTargets", "{3110D646-A4D7-3453-8827-D66BBA3A32B0}"
EndProject
Project("{2150E333-8FDC-42A3-9474-1A3956D46DE8}") = "contrib", "contrib", "{D6EC4CA8-31CA-337D-A33D-730D0EFCCC9E}"
EndProject
Project("{8BC9CEB8-8B4A-11D0-8D11-00A0C91BC942}") = "demo", "demo\demo.vcxproj", "{76404CB8-FC06-36CB-9752-75776B7957BB}"
	ProjectSection(ProjectDependencies) = postProject
		{24B4D67E-74A8-3552-AA2F-C308A3A4B266} = {24B4D67E-74A8-3552-AA2F-C308A3A4B266}
		{008312C3-2E58-3C9B-89F2-35E03F53A924} = {008312C3-2E58-3C9B-89F2-35E03F53A924}
		{C898A262-151A-3310-BE88-ADBE56B5C402} = {C898A262-151A-3310-BE88-ADBE56B5C402}
		{60B46F73-7C1F-3D9B-9316-F7E2074F89E1} = {60B46F73-7C1F-3D9B-9316-F7E2074F89E1}
		{F76D7DCF-3F57-37C7-93E5-752947C1905F} = {F76D7DCF-3F57-37C7-93E5-752947C1905F}
		{CB026159-AD7B-3571-96FA-AACBC7BF2D67} = {CB026159-AD7B-3571-96FA-AACBC7BF2D67}
		{1EEDF7A9-6FEC-331E-8079-9B365C953AA5} = {1EEDF7A9-6FEC-331E-8079-9B365C953AA5}
	EndProjectSection
EndProject
Project("{8BC9CEB8-8B4A-11D0-8D11-00A0C91BC942}") = "ALL_BUILD", "ALL_BUILD.vcxproj", "{FCB3A50B-3E22-310F-8135-43022943659B}"
	ProjectSection(ProjectDependencies) = postProject
		{24B4D67E-74A8-3552-AA2F-C308A3A4B266} = {24B4D67E-74A8-3552-AA2F-C308A3A4B266}
		{008312C3-2E58-3C9B-89F2-35E03F53A924} = {008312C3-2E58-3C9B-89F2-35E03F53A924}
		{76404CB8-FC06-36CB-9752-75776B7957BB} = {76404CB8-FC06-36CB-9752-75776B7957BB}
		{C898A262-151A-3310-BE88-ADBE56B5C402} = {C898A262-151A-3310-BE88-ADBE56B5C402}
		{60B46F73-7C1F-3D9B-9316-F7E2074F89E1} = {60B46F73-7C1F-3D9B-9316-F7E2074F89E1}
		{F76D7DCF-3F57-37C7-93E5-752947C1905F} = {F76D7DCF-3F57-37C7-93E5-752947C1905F}
		{CB026159-AD7B-3571-96FA-AACBC7BF2D67} = {CB026159-AD7B-3571-96FA-AACBC7BF2D67}
		{1EEDF7A9-6FEC-331E-8079-9B365C953AA5} = {1EEDF7A9-6FEC-331E-8079-9B365C953AA5}
	EndProjectSection
EndProject
Project("{8BC9CEB8-8B4A-11D0-8D11-00A0C91BC942}") = "INSTALL", "INSTALL.vcxproj", "{1205026B-CF1C-3AF0-960F-D2D00EF7A005}"
	ProjectSection(ProjectDependencies) = postProject
		{FCB3A50B-3E22-310F-8135-43022943659B} = {FCB3A50B-3E22-310F-8135-43022943659B}
		{24B4D67E-74A8-3552-AA2F-C308A3A4B266} = {24B4D67E-74A8-3552-AA2F-C308A3A4B266}
	EndProjectSection
EndProject
Project("{8BC9CEB8-8B4A-11D0-8D11-00A0C91BC942}") = "ZERO_CHECK", "ZERO_CHECK.vcxproj", "{24B4D67E-74A8-3552-AA2F-C308A3A4B266}"
	ProjectSection(ProjectDependencies) = postProject
	EndProjectSection
EndProject
Project("{8BC9CEB8-8B4A-11D0-8D11-00A0C91BC942}") = "assimp", "contrib\assimp3.3.1\code\assimp.vcxproj", "{008312C3-2E58-3C9B-89F2-35E03F53A924}"
	ProjectSection(ProjectDependencies) = postProject
		{24B4D67E-74A8-3552-AA2F-C308A3A4B266} = {24B4D67E-74A8-3552-AA2F-C308A3A4B266}
		{1EEDF7A9-6FEC-331E-8079-9B365C953AA5} = {1EEDF7A9-6FEC-331E-8079-9B365C953AA5}
	EndProjectSection
EndProject
Project("{8BC9CEB8-8B4A-11D0-8D11-00A0C91BC942}") = "freeglut_static", "contrib\freeglut-3.0.0\freeglut_static.vcxproj", "{C898A262-151A-3310-BE88-ADBE56B5C402}"
	ProjectSection(ProjectDependencies) = postProject
		{24B4D67E-74A8-3552-AA2F-C308A3A4B266} = {24B4D67E-74A8-3552-AA2F-C308A3A4B266}
	EndProjectSection
EndProject
Project("{8BC9CEB8-8B4A-11D0-8D11-00A0C91BC942}") = "glew", "contrib\glew\glew.vcxproj", "{60B46F73-7C1F-3D9B-9316-F7E2074F89E1}"
	ProjectSection(ProjectDependencies) = postProject
		{24B4D67E-74A8-3552-AA2F-C308A3A4B266} = {24B4D67E-74A8-3552-AA2F-C308A3A4B266}
	EndProjectSection
EndProject
Project("{8BC9CEB8-8B4A-11D0-8D11-00A0C91BC942}") = "tinyxml", "contrib\tinyxml\tinyxml.vcxproj", "{F76D7DCF-3F57-37C7-93E5-752947C1905F}"
	ProjectSection(ProjectDependencies) = postProject
		{24B4D67E-74A8-3552-AA2F-C308A3A4B266} = {24B4D67E-74A8-3552-AA2F-C308A3A4B266}
	EndProjectSection
EndProject
Project("{8BC9CEB8-8B4A-11D0-8D11-00A0C91BC942}") = "uninstall", "contrib\assimp3.3.1\uninstall.vcxproj", "{547A49FA-D1C1-3029-82DD-C96B0223A7EB}"
	ProjectSection(ProjectDependencies) = postProject
		{24B4D67E-74A8-3552-AA2F-C308A3A4B266} = {24B4D67E-74A8-3552-AA2F-C308A3A4B266}
	EndProjectSection
EndProject
Project("{8BC9CEB8-8B4A-11D0-8D11-00A0C91BC942}") = "vsl", "VSL\vsl.vcxproj", "{CB026159-AD7B-3571-96FA-AACBC7BF2D67}"
	ProjectSection(ProjectDependencies) = postProject
		{24B4D67E-74A8-3552-AA2F-C308A3A4B266} = {24B4D67E-74A8-3552-AA2F-C308A3A4B266}
	EndProjectSection
EndProject
Project("{8BC9CEB8-8B4A-11D0-8D11-00A0C91BC942}") = "zlibstatic", "contrib\assimp3.3.1\contrib\zlib\zlibstatic.vcxproj", "{1EEDF7A9-6FEC-331E-8079-9B365C953AA5}"
	ProjectSection(ProjectDependencies) = postProject
		{24B4D67E-74A8-3552-AA2F-C308A3A4B266} = {24B4D67E-74A8-3552-AA2F-C308A3A4B266}
	EndProjectSection
EndProject
Global
	GlobalSection(SolutionConfigurationPlatforms) = preSolution
		Debug|x64 = Debug|x64
		Release|x64 = Release|x64
		MinSizeRel|x64 = MinSizeRel|x64
		RelWithDebInfo|x64 = RelWithDebInfo|x64
	EndGlobalSection
	GlobalSection(ProjectConfigurationPlatforms) = postSolution
		{76404CB8-FC06-36CB-9752-75776B7957BB}.Debug|x64.ActiveCfg = Debug|x64
		{76404CB8-FC06-36CB-9752-75776B7957BB}.Debug|x64.Build.0 = Debug|x64
		{76404CB8-FC06-36CB-9752-75776B7957BB}.Release|x64.ActiveCfg = Release|x64
		{76404CB8-FC06-36CB-9752-75776B7957BB}.Release|x64.Build.0 = Release|x64
		{76404CB8-FC06-36CB-9752-75776B7957BB}.MinSizeRel|x64.ActiveCfg = MinSizeRel|x64
		{76404CB8-FC06-36CB-9752-75776B7957BB}.MinSizeRel|x64.Build.0 = MinSizeRel|x64
		{76404CB8-FC06-36CB-9752-75776B7957BB}.RelWithDebInfo|x64.ActiveCfg = RelWithDebInfo|x64
		{76404CB8-FC06-36CB-9752-75776B7957BB}.RelWithDebInfo|x64.Build.0 = RelWithDebInfo|x64
		{FCB3A50B-3E22-310F-8135-43022943659B}.Debug|x64.ActiveCfg = Debug|x64
		{FCB3A50B-3E22-310F-8135-43022943659B}.Debug|x64.Build.0 = Debug|x64
		{FCB3A50B-3E22-310F-8135-43022943659B}.Release|x64.ActiveCfg = Release|x64
		{FCB3A50B-3E22-310F-8135-43022943659B}.Release|x64.Build.0 = Release|x64
		{FCB3A50B-3E22-310F-8135-43022943659B}.MinSizeRel|x64.ActiveCfg = MinSizeRel|x64
		{FCB3A50B-3E22-310F-8135-43022943659B}.MinSizeRel|x64.Build.0 = MinSizeRel|x64
		{FCB3A50B-3E22-310F-8135-43022943659B}.RelWithDebInfo|x64.ActiveCfg = RelWithDebInfo|x64
		{FCB3A50B-3E22-310F-8135-43022943659B}.RelWithDebInfo|x64.Build.0 = RelWithDebInfo|x64
		{1205026B-CF1C-3AF0-960F-D2D00EF7A005}.Debug|x64.ActiveCfg = Debug|x64
		{1205026B-CF1C-3AF0-960F-D2D00EF7A005}.Release|x64.ActiveCfg = Release|x64
		{1205026B-CF1C-3AF0-960F-D2D00EF7A005}.MinSizeRel|x64.ActiveCfg = MinSizeRel|x64
		{1205026B-CF1C-3AF0-960F-D2D00EF7A005}.RelWithDebInfo|x64.ActiveCfg = RelWithDebInfo|x64
		{24B4D67E-74A8-3552-AA2F-C308A3A4B266}.Debug|x64.ActiveCfg = Debug|x64
		{24B4D67E-74A8-3552-AA2F-C308A3A4B266}.Debug|x64.Build.0 = Debug|x64
		{24B4D67E-74A8-3552-AA2F-C308A3A4B266}.Release|x64.ActiveCfg = Release|x64
		{24B4D67E-74A8-3552-AA2F-C308A3A4B266}.Release|x64.Build.0 = Release|x64
		{24B4D67E-74A8-3552-AA2F-C308A3A4B266}.MinSizeRel|x64.ActiveCfg = MinSizeRel|x64
		{24B4D67E-74A8-3552-AA2F-C308A3A4B266}.MinSizeRel|x64.Build.0 = MinSizeRel|x64
		{24B4D67E-74A8-3552-AA2F-C308A3A4B266}.RelWithDebInfo|x64.ActiveCfg = RelWithDebInfo|x64
		{24B4D67E-74A8-3552-AA2F-C308A3A4B266}.RelWithDebInfo|x64.Build.0 = RelWithDebInfo|x64
		{008312C3-2E58-3C9B-89F2-35E03F53A924}.Debug|x64.ActiveCfg = Debug|x64
		{008312C3-2E58-3C9B-89F2-35E03F53A924}.Debug|x64.Build.0 = Debug|x64
		{008312C3-2E58-3C9B-89F2-35E03F53A924}.Release|x64.ActiveCfg = Release|x64
		{008312C3-2E58-3C9B-89F2-35E03F53A924}.Release|x64.Build.0 = Release|x64
		{008312C3-2E58-3C9B-89F2-35E03F53A924}.MinSizeRel|x64.ActiveCfg = MinSizeRel|x64
		{008312C3-2E58-3C9B-89F2-35E03F53A924}.MinSizeRel|x64.Build.0 = MinSizeRel|x64
		{008312C3-2E58-3C9B-89F2-35E03F53A924}.RelWithDebInfo|x64.ActiveCfg = RelWithDebInfo|x64
		{008312C3-2E58-3C9B-89F2-35E03F53A924}.RelWithDebInfo|x64.Build.0 = RelWithDebInfo|x64
		{C898A262-151A-3310-BE88-ADBE56B5C402}.Debug|x64.ActiveCfg = Debug|x64
		{C898A262-151A-3310-BE88-ADBE56B5C402}.Debug|x64.Build.0 = Debug|x64
		{C898A262-151A-3310-BE88-ADBE56B5C402}.Release|x64.ActiveCfg = Release|x64
		{C898A262-151A-3310-BE88-ADBE56B5C402}.Release|x64.Build.0 = Release|x64
		{C898A262-151A-3310-BE88-ADBE56B5C402}.MinSizeRel|x64.ActiveCfg = MinSizeRel|x64
		{C898A262-151A-3310-BE88-ADBE56B5C402}.MinSizeRel|x64.Build.0 = MinSizeRel|x64
		{C898A262-151A-3310-BE88-ADBE56B5C402}.RelWithDebInfo|x64.ActiveCfg = RelWithDebInfo|x64
		{C898A262-151A-3310-BE88-ADBE56B5C402}.RelWithDebInfo|x64.Build.0 = RelWithDebInfo|x64
		{60B46F73-7C1F-3D9B-9316-F7E2074F89E1}.Debug|x64.ActiveCfg = Debug|x64
		{60B46F73-7C1F-3D9B-9316-F7E2074F89E1}.Debug|x64.Build.0 = Debug|x64
		{60B46F73-7C1F-3D9B-9316-F7E2074F89E1}.Release|x64.ActiveCfg = Release|x64
		{60B46F73-7C1F-3D9B-9316-F7E2074F89E1}.Release|x64.Build.0 = Release|x64
		{60B46F73-7C1F-3D9B-9316-F7E2074F89E1}.MinSizeRel|x64.ActiveCfg = MinSizeRel|x64
		{60B46F73-7C1F-3D9B-9316-F7E2074F89E1}.MinSizeRel|x64.Build.0 = MinSizeRel|x64
		{60B46F73-7C1F-3D9B-9316-F7E2074F89E1}.RelWithDebInfo|x64.ActiveCfg = RelWithDebInfo|x64
		{60B46F73-7C1F-3D9B-9316-F7E2074F89E1}.RelWithDebInfo|x64.Build.0 = RelWithDebInfo|x64
		{F76D7DCF-3F57-37C7-93E5-752947C1905F}.Debug|x64.ActiveCfg = Debug|x64
		{F76D7DCF-3F57-37C7-93E5-752947C1905F}.Debug|x64.Build.0 = Debug|x64
		{F76D7DCF-3F57-37C7-93E5-752947C1905F}.Release|x64.ActiveCfg = Release|x64
		{F76D7DCF-3F57-37C7-93E5-752947C1905F}.Release|x64.Build.0 = Release|x64
		{F76D7DCF-3F57-37C7-93E5-752947C1905F}.MinSizeRel|x64.ActiveCfg = MinSizeRel|x64
		{F76D7DCF-3F57-37C7-93E5-752947C1905F}.MinSizeRel|x64.Build.0 = MinSizeRel|x64
		{F76D7DCF-3F57-37C7-93E5-752947C1905F}.RelWithDebInfo|x64.ActiveCfg = RelWithDebInfo|x64
		{F76D7DCF-3F57-37C7-93E5-752947C1905F}.RelWithDebInfo|x64.Build.0 = RelWithDebInfo|x64
		{547A49FA-D1C1-3029-82DD-C96B0223A7EB}.Debug|x64.ActiveCfg = Debug|x64
		{547A49FA-D1C1-3029-82DD-C96B0223A7EB}.Release|x64.ActiveCfg = Release|x64
		{547A49FA-D1C1-3029-82DD-C96B0223A7EB}.MinSizeRel|x64.ActiveCfg = MinSizeRel|x64
		{547A49FA-D1C1-3029-82DD-C96B0223A7EB}.RelWithDebInfo|x64.ActiveCfg = RelWithDebInfo|x64
		{CB026159-AD7B-3571-96FA-AACBC7BF2D67}.Debug|x64.ActiveCfg = Debug|x64
		{CB026159-AD7B-3571-96FA-AACBC7BF2D67}.Debug|x64.Build.0 = Debug|x64
		{CB026159-AD7B-3571-96FA-AACBC7BF2D67}.Release|x64.ActiveCfg = Release|x64
		{CB026159-AD7B-3571-96FA-AACBC7BF2D67}.Release|x64.Build.0 = Release|x64
		{CB026159-AD7B-3571-96FA-AACBC7BF2D67}.MinSizeRel|x64.ActiveCfg = MinSizeRel|x64
		{CB026159-AD7B-3571-96FA-AACBC7BF2D67}.MinSizeRel|x64.Build.0 = MinSizeRel|x64
		{CB026159-AD7B-3571-96FA-AACBC7BF2D67}.RelWithDebInfo|x64.ActiveCfg = RelWithDebInfo|x64
		{CB026159-AD7B-3571-96FA-AACBC7BF2D67}.RelWithDebInfo|x64.Build.0 = RelWithDebInfo|x64
		{1EEDF7A9-6FEC-331E-8079-9B365C953AA5}.Debug|x64.ActiveCfg = Debug|x64
		{1EEDF7A9-6FEC-331E-8079-9B365C953AA5}.Debug|x64.Build.0 = Debug|x64
		{1EEDF7A9-6FEC-331E-8079-9B365C953AA5}.Release|x64.ActiveCfg = Release|x64
		{1EEDF7A9-6FEC-331E-8079-9B365C953AA5}.Release|x64.Build.0 = Release|x64
		{1EEDF7A9-6FEC-331E-8079-9B365C953AA5}.MinSizeRel|x64.ActiveCfg = MinSizeRel|x64
		{1EEDF7A9-6FEC-331E-8079-9B365C953AA5}.MinSizeRel|x64.Build.0 = MinSizeRel|x64
		{1EEDF7A9-6FEC-331E-8079-9B365C953AA5}.RelWithDebInfo|x64.ActiveCfg = RelWithDebInfo|x64
		{1EEDF7A9-6FEC-331E-8079-9B365C953AA5}.RelWithDebInfo|x64.Build.0 = RelWithDebInfo|x64
	EndGlobalSection
	GlobalSection(NestedProjects) = preSolution
		{FCB3A50B-3E22-310F-8135-43022943659B} = {3110D646-A4D7-3453-8827-D66BBA3A32B0}
		{1205026B-CF1C-3AF0-960F-D2D00EF7A005} = {3110D646-A4D7-3453-8827-D66BBA3A32B0}
		{24B4D67E-74A8-3552-AA2F-C308A3A4B266} = {3110D646-A4D7-3453-8827-D66BBA3A32B0}
		{008312C3-2E58-3C9B-89F2-35E03F53A924} = {D6EC4CA8-31CA-337D-A33D-730D0EFCCC9E}
		{C898A262-151A-3310-BE88-ADBE56B5C402} = {D6EC4CA8-31CA-337D-A33D-730D0EFCCC9E}
		{60B46F73-7C1F-3D9B-9316-F7E2074F89E1} = {D6EC4CA8-31CA-337D-A33D-730D0EFCCC9E}
		{F76D7DCF-3F57-37C7-93E5-752947C1905F} = {D6EC4CA8-31CA-337D-A33D-730D0EFCCC9E}
		{547A49FA-D1C1-3029-82DD-C96B0223A7EB} = {D6EC4CA8-31CA-337D-A33D-730D0EFCCC9E}
		{1EEDF7A9-6FEC-331E-8079-9B365C953AA5} = {D6EC4CA8-31CA-337D-A33D-730D0EFCCC9E}
	EndGlobalSection
	GlobalSection(ExtensibilityGlobals) = postSolution
		SolutionGuid = {9FC11C8B-1392-342C-9B3D-5BEB9B7E9DC7}
	EndGlobalSection
	GlobalSection(ExtensibilityAddIns) = postSolution
	EndGlobalSection
EndGlobal
