
Microsoft Visual Studio Solution File, Format Version 12.00
# Visual Studio Version 16
Project("{2150E333-8FDC-42A3-9474-1A3956D46DE8}") = "CMakePredefinedTargets", "CMakePredefinedTargets", "{3110D646-A4D7-3453-8827-D66BBA3A32B0}"
EndProject
Project("{2150E333-8FDC-42A3-9474-1A3956D46DE8}") = "contrib", "contrib", "{D6EC4CA8-31CA-337D-A33D-730D0EFCCC9E}"
EndProject
Project("{8BC9CEB8-8B4A-11D0-8D11-00A0C91BC942}") = "ALL_BUILD", "ALL_BUILD.vcxproj", "{FCB3A50B-3E22-310F-8135-43022943659B}"
	ProjectSection(ProjectDependencies) = postProject
		{24B4D67E-74A8-3552-AA2F-C308A3A4B266} = {24B4D67E-74A8-3552-AA2F-C308A3A4B266}
		{1EEDF7A9-6FEC-331E-8079-9B365C953AA5} = {1EEDF7A9-6FEC-331E-8079-9B365C953AA5}
	EndProjectSection
EndProject
Project("{8BC9CEB8-8B4A-11D0-8D11-00A0C91BC942}") = "INSTALL", "INSTALL.vcxproj", "{1205026B-CF1C-3AF0-960F-D2D00EF7A005}"
	ProjectSection(ProjectDependencies) = postProject
		{FCB3A50B-3E22-310F-8135-43022943659B} = {FCB3A50B-3E22-310F-8135-43022943659B}
		{24B4D67E-74A8-3552-AA2F-C308A3A4B266} = {24B4D67E-74A8-3552-AA2F-C308A3A4B266}
	EndProjectSection
EndProject
Project("{8BC9CEB8-8B4A-11D0-8D11-00A0C91BC942}") = "ZERO_CHECK", "..\..\..\..\\ZERO_CHECK.vcxproj", "{24B4D67E-74A8-3552-AA2F-C308A3A4B266}"
	ProjectSection(ProjectDependencies) = postProject
	EndProjectSection
EndProject
Project("{8BC9CEB8-8B4A-11D0-8D11-00A0C91BC942}") = "zlibstatic", "zlibstatic.vcxproj", "{1EEDF7A9-6FEC-331E-8079-9B365C953AA5}"
	ProjectSection(ProjectDependencies) = postProject
		{24B4D67E-74A8-3552-AA2F-C308A3A4B266} = {24B4D67E-74A8-3552-AA2F-C308A3A4B266}
	EndProjectSection
EndProject
Global
	GlobalSection(SolutionConfigurationPlatforms) = preSolution
		Debug|x64 = Debug|x64
		Release|x64 = Release|x64
		MinSizeRel|x64 = MinSizeRel|x64
		RelWithDebInfo|x64 = RelWithDebInfo|x64
	EndGlobalSection
	GlobalSection(ProjectConfigurationPlatforms) = postSolution
		{FCB3A50B-3E22-310F-8135-43022943659B}.Debug|x64.ActiveCfg = Debug|x64
		{FCB3A50B-3E22-310F-8135-43022943659B}.Debug|x64.Build.0 = Debug|x64
		{FCB3A50B-3E22-310F-8135-43022943659B}.Release|x64.ActiveCfg = Release|x64
		{FCB3A50B-3E22-310F-8135-43022943659B}.Release|x64.Build.0 = Release|x64
		{FCB3A50B-3E22-310F-8135-43022943659B}.MinSizeRel|x64.ActiveCfg = MinSizeRel|x64
		{FCB3A50B-3E22-310F-8135-43022943659B}.MinSizeRel|x64.Build.0 = MinSizeRel|x64
		{FCB3A50B-3E22-310F-8135-43022943659B}.RelWithDebInfo|x64.ActiveCfg = RelWithDebInfo|x64
		{FCB3A50B-3E22-310F-8135-43022943659B}.RelWithDebInfo|x64.Build.0 = RelWithDebInfo|x64
		{1205026B-CF1C-3AF0-960F-D2D00EF7A005}.Debug|x64.ActiveCfg = Debug|x64
		{1205026B-CF1C-3AF0-960F-D2D00EF7A005}.Release|x64.ActiveCfg = Release|x64
		{1205026B-CF1C-3AF0-960F-D2D00EF7A005}.MinSizeRel|x64.ActiveCfg = MinSizeRel|x64
		{1205026B-CF1C-3AF0-960F-D2D00EF7A005}.RelWithDebInfo|x64.ActiveCfg = RelWithDebInfo|x64
		{24B4D67E-74A8-3552-AA2F-C308A3A4B266}.Debug|x64.ActiveCfg = Debug|x64
		{24B4D67E-74A8-3552-AA2F-C308A3A4B266}.Debug|x64.Build.0 = Debug|x64
		{24B4D67E-74A8-3552-AA2F-C308A3A4B266}.Release|x64.ActiveCfg = Release|x64
		{24B4D67E-74A8-3552-AA2F-C308A3A4B266}.Release|x64.Build.0 = Release|x64
		{24B4D67E-74A8-3552-AA2F-C308A3A4B266}.MinSizeRel|x64.ActiveCfg = MinSizeRel|x64
		{24B4D67E-74A8-3552-AA2F-C308A3A4B266}.MinSizeRel|x64.Build.0 = MinSizeRel|x64
		{24B4D67E-74A8-3552-AA2F-C308A3A4B266}.RelWithDebInfo|x64.ActiveCfg = RelWithDebInfo|x64
		{24B4D67E-74A8-3552-AA2F-C308A3A4B266}.RelWithDebInfo|x64.Build.0 = RelWithDebInfo|x64
		{1EEDF7A9-6FEC-331E-8079-9B365C953AA5}.Debug|x64.ActiveCfg = Debug|x64
		{1EEDF7A9-6FEC-331E-8079-9B365C953AA5}.Debug|x64.Build.0 = Debug|x64
		{1EEDF7A9-6FEC-331E-8079-9B365C953AA5}.Release|x64.ActiveCfg = Release|x64
		{1EEDF7A9-6FEC-331E-8079-9B365C953AA5}.Release|x64.Build.0 = Release|x64
		{1EEDF7A9-6FEC-331E-8079-9B365C953AA5}.MinSizeRel|x64.ActiveCfg = MinSizeRel|x64
		{1EEDF7A9-6FEC-331E-8079-9B365C953AA5}.MinSizeRel|x64.Build.0 = MinSizeRel|x64
		{1EEDF7A9-6FEC-331E-8079-9B365C953AA5}.RelWithDebInfo|x64.ActiveCfg = RelWithDebInfo|x64
		{1EEDF7A9-6FEC-331E-8079-9B365C953AA5}.RelWithDebInfo|x64.Build.0 = RelWithDebInfo|x64
	EndGlobalSection
	GlobalSection(NestedProjects) = preSolution
		{FCB3A50B-3E22-310F-8135-43022943659B} = {3110D646-A4D7-3453-8827-D66BBA3A32B0}
		{1205026B-CF1C-3AF0-960F-D2D00EF7A005} = {3110D646-A4D7-3453-8827-D66BBA3A32B0}
		{24B4D67E-74A8-3552-AA2F-C308A3A4B266} = {3110D646-A4D7-3453-8827-D66BBA3A32B0}
		{1EEDF7A9-6FEC-331E-8079-9B365C953AA5} = {D6EC4CA8-31CA-337D-A33D-730D0EFCCC9E}
	EndGlobalSection
	GlobalSection(ExtensibilityGlobals) = postSolution
		SolutionGuid = {FBFD6D10-8E78-31D8-9D82-8BD622800576}
	EndGlobalSection
	GlobalSection(ExtensibilityAddIns) = postSolution
	EndGlobalSection
EndGlobal
