<?xml version="1.0" encoding="utf-8"?>
<Project ToolsVersion="16.0" xmlns="http://schemas.microsoft.com/developer/msbuild/2003">
  <ItemGroup>
    <ClCompile Include="C:\Users\Bruna\Desktop\TESE\toolkits\VSL\contrib\tinyxml\tinyxml.cpp">
      <Filter>Source Files</Filter>
    </ClCompile>
    <ClCompile Include="C:\Users\Bruna\Desktop\TESE\toolkits\VSL\contrib\tinyxml\tinyxmlerror.cpp">
      <Filter>Source Files</Filter>
    </ClCompile>
    <ClCompile Include="C:\Users\Bruna\Desktop\TESE\toolkits\VSL\contrib\tinyxml\tinyxmlparser.cpp">
      <Filter>Source Files</Filter>
    </ClCompile>
  </ItemGroup>
  <ItemGroup>
    <CustomBuild Include="C:\Users\Bruna\Desktop\TESE\toolkits\VSL\contrib\tinyxml\CMakeLists.txt" />
  </ItemGroup>
  <ItemGroup>
    <Filter Include="Source Files">
      <UniqueIdentifier>{7BF86724-12B6-3975-B1D4-4C6EFA6466C8}</UniqueIdentifier>
    </Filter>
  </ItemGroup>
</Project>
