<?xml version="1.0" encoding="utf-8"?>
<Project ToolsVersion="16.0" xmlns="http://schemas.microsoft.com/developer/msbuild/2003">
  <ItemGroup>
    <CustomBuild Include="C:\Users\Bruna\Desktop\TESE\CPU_implementation\build5\CMakeFiles\b8c9075f62a5a265b20b22d82fc5463c\INSTALL_force.rule">
      <Filter>CMake Rules</Filter>
    </CustomBuild>
  </ItemGroup>
  <ItemGroup>
    <Filter Include="CMake Rules">
      <UniqueIdentifier>{CB502ED0-512E-3245-9C2B-EC56F3ECDA08}</UniqueIdentifier>
    </Filter>
  </ItemGroup>
</Project>
