
Microsoft Visual Studio Solution File, Format Version 12.00
# Visual Studio Version 16
Project("{2150E333-8FDC-42A3-9474-1A3956D46DE8}") = "CMakePredefinedTargets", "CMakePredefinedTargets", "{C9C55807-3C11-3A1A-9F77-1323AB785B4B}"
EndProject
Project("{2150E333-8FDC-42A3-9474-1A3956D46DE8}") = "contrib", "contrib", "{235CCFF5-992F-391F-B3DB-D357C38975D8}"
EndProject
Project("{8BC9CEB8-8B4A-11D0-8D11-00A0C91BC942}") = "demo", "demo\demo.vcxproj", "{867AE280-4822-3B20-A06B-9D6C69054795}"
	ProjectSection(ProjectDependencies) = postProject
		{8C5BDCBD-DAC6-350D-BEB8-7D2A4850FEB1} = {8C5BDCBD-DAC6-350D-BEB8-7D2A4850FEB1}
		{9BD6C2C2-905E-3CE9-9223-C263973F7AC2} = {9BD6C2C2-905E-3CE9-9223-C263973F7AC2}
		{DE69B771-90AD-3164-880C-57539B38767A} = {DE69B771-90AD-3164-880C-57539B38767A}
		{EC47E7E8-4F9B-3402-B85D-6D86552DCBE8} = {EC47E7E8-4F9B-3402-B85D-6D86552DCBE8}
		{9C14A7FA-3AEB-3A5F-A9F5-9E4CB3C1F738} = {9C14A7FA-3AEB-3A5F-A9F5-9E4CB3C1F738}
		{B0D8B986-63F9-3791-AA12-E142AF231AE3} = {B0D8B986-63F9-3791-AA12-E142AF231AE3}
		{94E6303B-7A11-3C69-9B12-9BCBA0A58BF4} = {94E6303B-7A11-3C69-9B12-9BCBA0A58BF4}
	EndProjectSection
EndProject
Project("{8BC9CEB8-8B4A-11D0-8D11-00A0C91BC942}") = "ALL_BUILD", "ALL_BUILD.vcxproj", "{86B3B684-D5FE-3ABF-B18B-482956542700}"
	ProjectSection(ProjectDependencies) = postProject
		{8C5BDCBD-DAC6-350D-BEB8-7D2A4850FEB1} = {8C5BDCBD-DAC6-350D-BEB8-7D2A4850FEB1}
		{9BD6C2C2-905E-3CE9-9223-C263973F7AC2} = {9BD6C2C2-905E-3CE9-9223-C263973F7AC2}
		{867AE280-4822-3B20-A06B-9D6C69054795} = {867AE280-4822-3B20-A06B-9D6C69054795}
		{DE69B771-90AD-3164-880C-57539B38767A} = {DE69B771-90AD-3164-880C-57539B38767A}
		{EC47E7E8-4F9B-3402-B85D-6D86552DCBE8} = {EC47E7E8-4F9B-3402-B85D-6D86552DCBE8}
		{9C14A7FA-3AEB-3A5F-A9F5-9E4CB3C1F738} = {9C14A7FA-3AEB-3A5F-A9F5-9E4CB3C1F738}
		{B0D8B986-63F9-3791-AA12-E142AF231AE3} = {B0D8B986-63F9-3791-AA12-E142AF231AE3}
		{94E6303B-7A11-3C69-9B12-9BCBA0A58BF4} = {94E6303B-7A11-3C69-9B12-9BCBA0A58BF4}
	EndProjectSection
EndProject
Project("{8BC9CEB8-8B4A-11D0-8D11-00A0C91BC942}") = "INSTALL", "INSTALL.vcxproj", "{645222FA-0B74-36B5-A2FE-BCC006E2F1FB}"
	ProjectSection(ProjectDependencies) = postProject
		{86B3B684-D5FE-3ABF-B18B-482956542700} = {86B3B684-D5FE-3ABF-B18B-482956542700}
		{8C5BDCBD-DAC6-350D-BEB8-7D2A4850FEB1} = {8C5BDCBD-DAC6-350D-BEB8-7D2A4850FEB1}
	EndProjectSection
EndProject
Project("{8BC9CEB8-8B4A-11D0-8D11-00A0C91BC942}") = "ZERO_CHECK", "ZERO_CHECK.vcxproj", "{8C5BDCBD-DAC6-350D-BEB8-7D2A4850FEB1}"
	ProjectSection(ProjectDependencies) = postProject
	EndProjectSection
EndProject
Project("{8BC9CEB8-8B4A-11D0-8D11-00A0C91BC942}") = "assimp", "contrib\assimp3.3.1\code\assimp.vcxproj", "{9BD6C2C2-905E-3CE9-9223-C263973F7AC2}"
	ProjectSection(ProjectDependencies) = postProject
		{8C5BDCBD-DAC6-350D-BEB8-7D2A4850FEB1} = {8C5BDCBD-DAC6-350D-BEB8-7D2A4850FEB1}
		{94E6303B-7A11-3C69-9B12-9BCBA0A58BF4} = {94E6303B-7A11-3C69-9B12-9BCBA0A58BF4}
	EndProjectSection
EndProject
Project("{8BC9CEB8-8B4A-11D0-8D11-00A0C91BC942}") = "freeglut_static", "contrib\freeglut-3.0.0\freeglut_static.vcxproj", "{DE69B771-90AD-3164-880C-57539B38767A}"
	ProjectSection(ProjectDependencies) = postProject
		{8C5BDCBD-DAC6-350D-BEB8-7D2A4850FEB1} = {8C5BDCBD-DAC6-350D-BEB8-7D2A4850FEB1}
	EndProjectSection
EndProject
Project("{8BC9CEB8-8B4A-11D0-8D11-00A0C91BC942}") = "glew", "contrib\glew\glew.vcxproj", "{EC47E7E8-4F9B-3402-B85D-6D86552DCBE8}"
	ProjectSection(ProjectDependencies) = postProject
		{8C5BDCBD-DAC6-350D-BEB8-7D2A4850FEB1} = {8C5BDCBD-DAC6-350D-BEB8-7D2A4850FEB1}
	EndProjectSection
EndProject
Project("{8BC9CEB8-8B4A-11D0-8D11-00A0C91BC942}") = "tinyxml", "contrib\tinyxml\tinyxml.vcxproj", "{9C14A7FA-3AEB-3A5F-A9F5-9E4CB3C1F738}"
	ProjectSection(ProjectDependencies) = postProject
		{8C5BDCBD-DAC6-350D-BEB8-7D2A4850FEB1} = {8C5BDCBD-DAC6-350D-BEB8-7D2A4850FEB1}
	EndProjectSection
EndProject
Project("{8BC9CEB8-8B4A-11D0-8D11-00A0C91BC942}") = "uninstall", "contrib\assimp3.3.1\uninstall.vcxproj", "{D3698979-B84B-31D6-8641-066759C0834A}"
	ProjectSection(ProjectDependencies) = postProject
		{8C5BDCBD-DAC6-350D-BEB8-7D2A4850FEB1} = {8C5BDCBD-DAC6-350D-BEB8-7D2A4850FEB1}
	EndProjectSection
EndProject
Project("{8BC9CEB8-8B4A-11D0-8D11-00A0C91BC942}") = "vsl", "VSL\vsl.vcxproj", "{B0D8B986-63F9-3791-AA12-E142AF231AE3}"
	ProjectSection(ProjectDependencies) = postProject
		{8C5BDCBD-DAC6-350D-BEB8-7D2A4850FEB1} = {8C5BDCBD-DAC6-350D-BEB8-7D2A4850FEB1}
	EndProjectSection
EndProject
Project("{8BC9CEB8-8B4A-11D0-8D11-00A0C91BC942}") = "zlibstatic", "contrib\assimp3.3.1\contrib\zlib\zlibstatic.vcxproj", "{94E6303B-7A11-3C69-9B12-9BCBA0A58BF4}"
	ProjectSection(ProjectDependencies) = postProject
		{8C5BDCBD-DAC6-350D-BEB8-7D2A4850FEB1} = {8C5BDCBD-DAC6-350D-BEB8-7D2A4850FEB1}
	EndProjectSection
EndProject
Global
	GlobalSection(SolutionConfigurationPlatforms) = preSolution
		Debug|x64 = Debug|x64
		Release|x64 = Release|x64
		MinSizeRel|x64 = MinSizeRel|x64
		RelWithDebInfo|x64 = RelWithDebInfo|x64
	EndGlobalSection
	GlobalSection(ProjectConfigurationPlatforms) = postSolution
		{867AE280-4822-3B20-A06B-9D6C69054795}.Debug|x64.ActiveCfg = Debug|x64
		{867AE280-4822-3B20-A06B-9D6C69054795}.Debug|x64.Build.0 = Debug|x64
		{867AE280-4822-3B20-A06B-9D6C69054795}.Release|x64.ActiveCfg = Release|x64
		{867AE280-4822-3B20-A06B-9D6C69054795}.Release|x64.Build.0 = Release|x64
		{867AE280-4822-3B20-A06B-9D6C69054795}.MinSizeRel|x64.ActiveCfg = MinSizeRel|x64
		{867AE280-4822-3B20-A06B-9D6C69054795}.MinSizeRel|x64.Build.0 = MinSizeRel|x64
		{867AE280-4822-3B20-A06B-9D6C69054795}.RelWithDebInfo|x64.ActiveCfg = RelWithDebInfo|x64
		{867AE280-4822-3B20-A06B-9D6C69054795}.RelWithDebInfo|x64.Build.0 = RelWithDebInfo|x64
		{86B3B684-D5FE-3ABF-B18B-482956542700}.Debug|x64.ActiveCfg = Debug|x64
		{86B3B684-D5FE-3ABF-B18B-482956542700}.Debug|x64.Build.0 = Debug|x64
		{86B3B684-D5FE-3ABF-B18B-482956542700}.Release|x64.ActiveCfg = Release|x64
		{86B3B684-D5FE-3ABF-B18B-482956542700}.Release|x64.Build.0 = Release|x64
		{86B3B684-D5FE-3ABF-B18B-482956542700}.MinSizeRel|x64.ActiveCfg = MinSizeRel|x64
		{86B3B684-D5FE-3ABF-B18B-482956542700}.MinSizeRel|x64.Build.0 = MinSizeRel|x64
		{86B3B684-D5FE-3ABF-B18B-482956542700}.RelWithDebInfo|x64.ActiveCfg = RelWithDebInfo|x64
		{86B3B684-D5FE-3ABF-B18B-482956542700}.RelWithDebInfo|x64.Build.0 = RelWithDebInfo|x64
		{645222FA-0B74-36B5-A2FE-BCC006E2F1FB}.Debug|x64.ActiveCfg = Debug|x64
		{645222FA-0B74-36B5-A2FE-BCC006E2F1FB}.Release|x64.ActiveCfg = Release|x64
		{645222FA-0B74-36B5-A2FE-BCC006E2F1FB}.MinSizeRel|x64.ActiveCfg = MinSizeRel|x64
		{645222FA-0B74-36B5-A2FE-BCC006E2F1FB}.RelWithDebInfo|x64.ActiveCfg = RelWithDebInfo|x64
		{8C5BDCBD-DAC6-350D-BEB8-7D2A4850FEB1}.Debug|x64.ActiveCfg = Debug|x64
		{8C5BDCBD-DAC6-350D-BEB8-7D2A4850FEB1}.Debug|x64.Build.0 = Debug|x64
		{8C5BDCBD-DAC6-350D-BEB8-7D2A4850FEB1}.Release|x64.ActiveCfg = Release|x64
		{8C5BDCBD-DAC6-350D-BEB8-7D2A4850FEB1}.Release|x64.Build.0 = Release|x64
		{8C5BDCBD-DAC6-350D-BEB8-7D2A4850FEB1}.MinSizeRel|x64.ActiveCfg = MinSizeRel|x64
		{8C5BDCBD-DAC6-350D-BEB8-7D2A4850FEB1}.MinSizeRel|x64.Build.0 = MinSizeRel|x64
		{8C5BDCBD-DAC6-350D-BEB8-7D2A4850FEB1}.RelWithDebInfo|x64.ActiveCfg = RelWithDebInfo|x64
		{8C5BDCBD-DAC6-350D-BEB8-7D2A4850FEB1}.RelWithDebInfo|x64.Build.0 = RelWithDebInfo|x64
		{9BD6C2C2-905E-3CE9-9223-C263973F7AC2}.Debug|x64.ActiveCfg = Debug|x64
		{9BD6C2C2-905E-3CE9-9223-C263973F7AC2}.Debug|x64.Build.0 = Debug|x64
		{9BD6C2C2-905E-3CE9-9223-C263973F7AC2}.Release|x64.ActiveCfg = Release|x64
		{9BD6C2C2-905E-3CE9-9223-C263973F7AC2}.Release|x64.Build.0 = Release|x64
		{9BD6C2C2-905E-3CE9-9223-C263973F7AC2}.MinSizeRel|x64.ActiveCfg = MinSizeRel|x64
		{9BD6C2C2-905E-3CE9-9223-C263973F7AC2}.MinSizeRel|x64.Build.0 = MinSizeRel|x64
		{9BD6C2C2-905E-3CE9-9223-C263973F7AC2}.RelWithDebInfo|x64.ActiveCfg = RelWithDebInfo|x64
		{9BD6C2C2-905E-3CE9-9223-C263973F7AC2}.RelWithDebInfo|x64.Build.0 = RelWithDebInfo|x64
		{DE69B771-90AD-3164-880C-57539B38767A}.Debug|x64.ActiveCfg = Debug|x64
		{DE69B771-90AD-3164-880C-57539B38767A}.Debug|x64.Build.0 = Debug|x64
		{DE69B771-90AD-3164-880C-57539B38767A}.Release|x64.ActiveCfg = Release|x64
		{DE69B771-90AD-3164-880C-57539B38767A}.Release|x64.Build.0 = Release|x64
		{DE69B771-90AD-3164-880C-57539B38767A}.MinSizeRel|x64.ActiveCfg = MinSizeRel|x64
		{DE69B771-90AD-3164-880C-57539B38767A}.MinSizeRel|x64.Build.0 = MinSizeRel|x64
		{DE69B771-90AD-3164-880C-57539B38767A}.RelWithDebInfo|x64.ActiveCfg = RelWithDebInfo|x64
		{DE69B771-90AD-3164-880C-57539B38767A}.RelWithDebInfo|x64.Build.0 = RelWithDebInfo|x64
		{EC47E7E8-4F9B-3402-B85D-6D86552DCBE8}.Debug|x64.ActiveCfg = Debug|x64
		{EC47E7E8-4F9B-3402-B85D-6D86552DCBE8}.Debug|x64.Build.0 = Debug|x64
		{EC47E7E8-4F9B-3402-B85D-6D86552DCBE8}.Release|x64.ActiveCfg = Release|x64
		{EC47E7E8-4F9B-3402-B85D-6D86552DCBE8}.Release|x64.Build.0 = Release|x64
		{EC47E7E8-4F9B-3402-B85D-6D86552DCBE8}.MinSizeRel|x64.ActiveCfg = MinSizeRel|x64
		{EC47E7E8-4F9B-3402-B85D-6D86552DCBE8}.MinSizeRel|x64.Build.0 = MinSizeRel|x64
		{EC47E7E8-4F9B-3402-B85D-6D86552DCBE8}.RelWithDebInfo|x64.ActiveCfg = RelWithDebInfo|x64
		{EC47E7E8-4F9B-3402-B85D-6D86552DCBE8}.RelWithDebInfo|x64.Build.0 = RelWithDebInfo|x64
		{9C14A7FA-3AEB-3A5F-A9F5-9E4CB3C1F738}.Debug|x64.ActiveCfg = Debug|x64
		{9C14A7FA-3AEB-3A5F-A9F5-9E4CB3C1F738}.Debug|x64.Build.0 = Debug|x64
		{9C14A7FA-3AEB-3A5F-A9F5-9E4CB3C1F738}.Release|x64.ActiveCfg = Release|x64
		{9C14A7FA-3AEB-3A5F-A9F5-9E4CB3C1F738}.Release|x64.Build.0 = Release|x64
		{9C14A7FA-3AEB-3A5F-A9F5-9E4CB3C1F738}.MinSizeRel|x64.ActiveCfg = MinSizeRel|x64
		{9C14A7FA-3AEB-3A5F-A9F5-9E4CB3C1F738}.MinSizeRel|x64.Build.0 = MinSizeRel|x64
		{9C14A7FA-3AEB-3A5F-A9F5-9E4CB3C1F738}.RelWithDebInfo|x64.ActiveCfg = RelWithDebInfo|x64
		{9C14A7FA-3AEB-3A5F-A9F5-9E4CB3C1F738}.RelWithDebInfo|x64.Build.0 = RelWithDebInfo|x64
		{D3698979-B84B-31D6-8641-066759C0834A}.Debug|x64.ActiveCfg = Debug|x64
		{D3698979-B84B-31D6-8641-066759C0834A}.Release|x64.ActiveCfg = Release|x64
		{D3698979-B84B-31D6-8641-066759C0834A}.MinSizeRel|x64.ActiveCfg = MinSizeRel|x64
		{D3698979-B84B-31D6-8641-066759C0834A}.RelWithDebInfo|x64.ActiveCfg = RelWithDebInfo|x64
		{B0D8B986-63F9-3791-AA12-E142AF231AE3}.Debug|x64.ActiveCfg = Debug|x64
		{B0D8B986-63F9-3791-AA12-E142AF231AE3}.Debug|x64.Build.0 = Debug|x64
		{B0D8B986-63F9-3791-AA12-E142AF231AE3}.Release|x64.ActiveCfg = Release|x64
		{B0D8B986-63F9-3791-AA12-E142AF231AE3}.Release|x64.Build.0 = Release|x64
		{B0D8B986-63F9-3791-AA12-E142AF231AE3}.MinSizeRel|x64.ActiveCfg = MinSizeRel|x64
		{B0D8B986-63F9-3791-AA12-E142AF231AE3}.MinSizeRel|x64.Build.0 = MinSizeRel|x64
		{B0D8B986-63F9-3791-AA12-E142AF231AE3}.RelWithDebInfo|x64.ActiveCfg = RelWithDebInfo|x64
		{B0D8B986-63F9-3791-AA12-E142AF231AE3}.RelWithDebInfo|x64.Build.0 = RelWithDebInfo|x64
		{94E6303B-7A11-3C69-9B12-9BCBA0A58BF4}.Debug|x64.ActiveCfg = Debug|x64
		{94E6303B-7A11-3C69-9B12-9BCBA0A58BF4}.Debug|x64.Build.0 = Debug|x64
		{94E6303B-7A11-3C69-9B12-9BCBA0A58BF4}.Release|x64.ActiveCfg = Release|x64
		{94E6303B-7A11-3C69-9B12-9BCBA0A58BF4}.Release|x64.Build.0 = Release|x64
		{94E6303B-7A11-3C69-9B12-9BCBA0A58BF4}.MinSizeRel|x64.ActiveCfg = MinSizeRel|x64
		{94E6303B-7A11-3C69-9B12-9BCBA0A58BF4}.MinSizeRel|x64.Build.0 = MinSizeRel|x64
		{94E6303B-7A11-3C69-9B12-9BCBA0A58BF4}.RelWithDebInfo|x64.ActiveCfg = RelWithDebInfo|x64
		{94E6303B-7A11-3C69-9B12-9BCBA0A58BF4}.RelWithDebInfo|x64.Build.0 = RelWithDebInfo|x64
	EndGlobalSection
	GlobalSection(NestedProjects) = preSolution
		{86B3B684-D5FE-3ABF-B18B-482956542700} = {C9C55807-3C11-3A1A-9F77-1323AB785B4B}
		{645222FA-0B74-36B5-A2FE-BCC006E2F1FB} = {C9C55807-3C11-3A1A-9F77-1323AB785B4B}
		{8C5BDCBD-DAC6-350D-BEB8-7D2A4850FEB1} = {C9C55807-3C11-3A1A-9F77-1323AB785B4B}
		{9BD6C2C2-905E-3CE9-9223-C263973F7AC2} = {235CCFF5-992F-391F-B3DB-D357C38975D8}
		{DE69B771-90AD-3164-880C-57539B38767A} = {235CCFF5-992F-391F-B3DB-D357C38975D8}
		{EC47E7E8-4F9B-3402-B85D-6D86552DCBE8} = {235CCFF5-992F-391F-B3DB-D357C38975D8}
		{9C14A7FA-3AEB-3A5F-A9F5-9E4CB3C1F738} = {235CCFF5-992F-391F-B3DB-D357C38975D8}
		{D3698979-B84B-31D6-8641-066759C0834A} = {235CCFF5-992F-391F-B3DB-D357C38975D8}
		{94E6303B-7A11-3C69-9B12-9BCBA0A58BF4} = {235CCFF5-992F-391F-B3DB-D357C38975D8}
	EndGlobalSection
	GlobalSection(ExtensibilityGlobals) = postSolution
		SolutionGuid = {BAF39B40-4D53-300B-A309-2376FB533DFC}
	EndGlobalSection
	GlobalSection(ExtensibilityAddIns) = postSolution
	EndGlobalSection
EndGlobal
